PODS:
  - CocoaLumberjack (1.8.1):
    - CocoaLumberjack/Extensions
  - CocoaLumberjack/Core (1.8.1)
  - CocoaLumberjack/Extensions (1.8.1):
    - CocoaLumberjack/Core
  - iBeaconNotifier (0.1.0):
    - CocoaLumberjack (~> 1.8)

DEPENDENCIES:
  - iBeaconNotifier (from `../`)

EXTERNAL SOURCES:
  iBeaconNotifier:
    :path: ../

SPEC CHECKSUMS:
  CocoaLumberjack: 020378ec400d658923bf5887178394f65f052c90
  iBeaconNotifier: 31eed12b5acf8482b5c99b68f52b4df1bd547d35

COCOAPODS: 0.31.1
