// !$*UTF8*$!
{
	archiveVersion = 1;
	classes = {
	};
	objectVersion = 46;
	objects = {

/* Begin PBXBuildFile section */
		098EDB3118F683F500555BA1 /* Foundation.framework in Frameworks */ = {isa = PBXBuildFile; fileRef = 098EDB3018F683F500555BA1 /* Foundation.framework */; };
		098EDB3318F683F500555BA1 /* CoreGraphics.framework in Frameworks */ = {isa = PBXBuildFile; fileRef = 098EDB3218F683F500555BA1 /* CoreGraphics.framework */; };
		098EDB3518F683F500555BA1 /* UIKit.framework in Frameworks */ = {isa = PBXBuildFile; fileRef = 098EDB3418F683F500555BA1 /* UIKit.framework */; };
		098EDB3B18F683F500555BA1 /* InfoPlist.strings in Resources */ = {isa = PBXBuildFile; fileRef = 098EDB3918F683F500555BA1 /* InfoPlist.strings */; };
		098EDB3D18F683F500555BA1 /* main.m in Sources */ = {isa = PBXBuildFile; fileRef = 098EDB3C18F683F500555BA1 /* main.m */; };
		098EDB4118F683F500555BA1 /* GRTAppDelegate.m in Sources */ = {isa = PBXBuildFile; fileRef = 098EDB4018F683F500555BA1 /* GRTAppDelegate.m */; };
		098EDB4318F683F500555BA1 /* Images.xcassets in Resources */ = {isa = PBXBuildFile; fileRef = 098EDB4218F683F500555BA1 /* Images.xcassets */; };
		098EDB4A18F683F500555BA1 /* XCTest.framework in Frameworks */ = {isa = PBXBuildFile; fileRef = 098EDB4918F683F500555BA1 /* XCTest.framework */; };
		098EDB4B18F683F500555BA1 /* Foundation.framework in Frameworks */ = {isa = PBXBuildFile; fileRef = 098EDB3018F683F500555BA1 /* Foundation.framework */; };
		098EDB4C18F683F500555BA1 /* UIKit.framework in Frameworks */ = {isa = PBXBuildFile; fileRef = 098EDB3418F683F500555BA1 /* UIKit.framework */; };
		098EDB5418F683F500555BA1 /* InfoPlist.strings in Resources */ = {isa = PBXBuildFile; fileRef = 098EDB5218F683F500555BA1 /* InfoPlist.strings */; };
		098EDB5618F683F500555BA1 /* IBeaconNotifierExampleTests.m in Sources */ = {isa = PBXBuildFile; fileRef = 098EDB5518F683F500555BA1 /* IBeaconNotifierExampleTests.m */; };
		8208638491E147478A6D1BD0 /* libPods.a in Frameworks */ = {isa = PBXBuildFile; fileRef = 600AB6F76976462081FDFC17 /* libPods.a */; };
/* End PBXBuildFile section */

/* Begin PBXContainerItemProxy section */
		098EDB4D18F683F500555BA1 /* PBXContainerItemProxy */ = {
			isa = PBXContainerItemProxy;
			containerPortal = 098EDB2518F683F500555BA1 /* Project object */;
			proxyType = 1;
			remoteGlobalIDString = 098EDB2C18F683F500555BA1;
			remoteInfo = IBeaconNotifierExample;
		};
/* End PBXContainerItemProxy section */

/* Begin PBXFileReference section */
		095D203E18FBC64C0067BFEC /* Podfile */ = {isa = PBXFileReference; lastKnownFileType = text; path = Podfile; sourceTree = "<group>"; xcLanguageSpecificationIdentifier = xcode.lang.ruby; };
		098EDB2D18F683F500555BA1 /* IBeaconNotifierExample.app */ = {isa = PBXFileReference; explicitFileType = wrapper.application; includeInIndex = 0; path = IBeaconNotifierExample.app; sourceTree = BUILT_PRODUCTS_DIR; };
		098EDB3018F683F500555BA1 /* Foundation.framework */ = {isa = PBXFileReference; lastKnownFileType = wrapper.framework; name = Foundation.framework; path = System/Library/Frameworks/Foundation.framework; sourceTree = SDKROOT; };
		098EDB3218F683F500555BA1 /* CoreGraphics.framework */ = {isa = PBXFileReference; lastKnownFileType = wrapper.framework; name = CoreGraphics.framework; path = System/Library/Frameworks/CoreGraphics.framework; sourceTree = SDKROOT; };
		098EDB3418F683F500555BA1 /* UIKit.framework */ = {isa = PBXFileReference; lastKnownFileType = wrapper.framework; name = UIKit.framework; path = System/Library/Frameworks/UIKit.framework; sourceTree = SDKROOT; };
		098EDB3818F683F500555BA1 /* IBeaconNotifierExample-Info.plist */ = {isa = PBXFileReference; lastKnownFileType = text.plist.xml; path = "IBeaconNotifierExample-Info.plist"; sourceTree = "<group>"; };
		098EDB3A18F683F500555BA1 /* en */ = {isa = PBXFileReference; lastKnownFileType = text.plist.strings; name = en; path = en.lproj/InfoPlist.strings; sourceTree = "<group>"; };
		098EDB3C18F683F500555BA1 /* main.m */ = {isa = PBXFileReference; lastKnownFileType = sourcecode.c.objc; path = main.m; sourceTree = "<group>"; };
		098EDB3E18F683F500555BA1 /* IBeaconNotifierExample-Prefix.pch */ = {isa = PBXFileReference; lastKnownFileType = sourcecode.c.h; path = "IBeaconNotifierExample-Prefix.pch"; sourceTree = "<group>"; };
		098EDB3F18F683F500555BA1 /* GRTAppDelegate.h */ = {isa = PBXFileReference; lastKnownFileType = sourcecode.c.h; path = GRTAppDelegate.h; sourceTree = "<group>"; };
		098EDB4018F683F500555BA1 /* GRTAppDelegate.m */ = {isa = PBXFileReference; lastKnownFileType = sourcecode.c.objc; path = GRTAppDelegate.m; sourceTree = "<group>"; };
		098EDB4218F683F500555BA1 /* Images.xcassets */ = {isa = PBXFileReference; lastKnownFileType = folder.assetcatalog; path = Images.xcassets; sourceTree = "<group>"; };
		098EDB4818F683F500555BA1 /* IBeaconNotifierExampleTests.xctest */ = {isa = PBXFileReference; explicitFileType = wrapper.cfbundle; includeInIndex = 0; path = IBeaconNotifierExampleTests.xctest; sourceTree = BUILT_PRODUCTS_DIR; };
		098EDB4918F683F500555BA1 /* XCTest.framework */ = {isa = PBXFileReference; lastKnownFileType = wrapper.framework; name = XCTest.framework; path = Library/Frameworks/XCTest.framework; sourceTree = DEVELOPER_DIR; };
		098EDB5118F683F500555BA1 /* IBeaconNotifierExampleTests-Info.plist */ = {isa = PBXFileReference; lastKnownFileType = text.plist.xml; path = "IBeaconNotifierExampleTests-Info.plist"; sourceTree = "<group>"; };
		098EDB5318F683F500555BA1 /* en */ = {isa = PBXFileReference; lastKnownFileType = text.plist.strings; name = en; path = en.lproj/InfoPlist.strings; sourceTree = "<group>"; };
		098EDB5518F683F500555BA1 /* IBeaconNotifierExampleTests.m */ = {isa = PBXFileReference; lastKnownFileType = sourcecode.c.objc; path = IBeaconNotifierExampleTests.m; sourceTree = "<group>"; };
		3D2A74444BB641D2A81113B0 /* Pods.xcconfig */ = {isa = PBXFileReference; includeInIndex = 1; lastKnownFileType = text.xcconfig; name = Pods.xcconfig; path = Pods/Pods.xcconfig; sourceTree = "<group>"; };
		600AB6F76976462081FDFC17 /* libPods.a */ = {isa = PBXFileReference; explicitFileType = archive.ar; includeInIndex = 0; path = libPods.a; sourceTree = BUILT_PRODUCTS_DIR; };
/* End PBXFileReference section */

/* Begin PBXFrameworksBuildPhase section */
		098EDB2A18F683F500555BA1 /* Frameworks */ = {
			isa = PBXFrameworksBuildPhase;
			buildActionMask = 2147483647;
			files = (
				098EDB3318F683F500555BA1 /* CoreGraphics.framework in Frameworks */,
				098EDB3518F683F500555BA1 /* UIKit.framework in Frameworks */,
				098EDB3118F683F500555BA1 /* Foundation.framework in Frameworks */,
				8208638491E147478A6D1BD0 /* libPods.a in Frameworks */,
			);
			runOnlyForDeploymentPostprocessing = 0;
		};
		098EDB4518F683F500555BA1 /* Frameworks */ = {
			isa = PBXFrameworksBuildPhase;
			buildActionMask = 2147483647;
			files = (
				098EDB4A18F683F500555BA1 /* XCTest.framework in Frameworks */,
				098EDB4C18F683F500555BA1 /* UIKit.framework in Frameworks */,
				098EDB4B18F683F500555BA1 /* Foundation.framework in Frameworks */,
			);
			runOnlyForDeploymentPostprocessing = 0;
		};
/* End PBXFrameworksBuildPhase section */

/* Begin PBXGroup section */
		098EDB2418F683F500555BA1 = {
			isa = PBXGroup;
			children = (
				095D203E18FBC64C0067BFEC /* Podfile */,
				098EDB3618F683F500555BA1 /* IBeaconNotifierExample */,
				098EDB4F18F683F500555BA1 /* IBeaconNotifierExampleTests */,
				098EDB2F18F683F500555BA1 /* Frameworks */,
				098EDB2E18F683F500555BA1 /* Products */,
				3D2A74444BB641D2A81113B0 /* Pods.xcconfig */,
			);
			sourceTree = "<group>";
		};
		098EDB2E18F683F500555BA1 /* Products */ = {
			isa = PBXGroup;
			children = (
				098EDB2D18F683F500555BA1 /* IBeaconNotifierExample.app */,
				098EDB4818F683F500555BA1 /* IBeaconNotifierExampleTests.xctest */,
			);
			name = Products;
			sourceTree = "<group>";
		};
		098EDB2F18F683F500555BA1 /* Frameworks */ = {
			isa = PBXGroup;
			children = (
				098EDB3018F683F500555BA1 /* Foundation.framework */,
				098EDB3218F683F500555BA1 /* CoreGraphics.framework */,
				098EDB3418F683F500555BA1 /* UIKit.framework */,
				098EDB4918F683F500555BA1 /* XCTest.framework */,
				600AB6F76976462081FDFC17 /* libPods.a */,
			);
			name = Frameworks;
			sourceTree = "<group>";
		};
		098EDB3618F683F500555BA1 /* IBeaconNotifierExample */ = {
			isa = PBXGroup;
			children = (
				098EDB3F18F683F500555BA1 /* GRTAppDelegate.h */,
				098EDB4018F683F500555BA1 /* GRTAppDelegate.m */,
				098EDB4218F683F500555BA1 /* Images.xcassets */,
				098EDB3718F683F500555BA1 /* Supporting Files */,
			);
			path = IBeaconNotifierExample;
			sourceTree = "<group>";
		};
		098EDB3718F683F500555BA1 /* Supporting Files */ = {
			isa = PBXGroup;
			children = (
				098EDB3818F683F500555BA1 /* IBeaconNotifierExample-Info.plist */,
				098EDB3918F683F500555BA1 /* InfoPlist.strings */,
				098EDB3C18F683F500555BA1 /* main.m */,
				098EDB3E18F683F500555BA1 /* IBeaconNotifierExample-Prefix.pch */,
			);
			name = "Supporting Files";
			sourceTree = "<group>";
		};
		098EDB4F18F683F500555BA1 /* IBeaconNotifierExampleTests */ = {
			isa = PBXGroup;
			children = (
				098EDB5518F683F500555BA1 /* IBeaconNotifierExampleTests.m */,
				098EDB5018F683F500555BA1 /* Supporting Files */,
			);
			path = IBeaconNotifierExampleTests;
			sourceTree = "<group>";
		};
		098EDB5018F683F500555BA1 /* Supporting Files */ = {
			isa = PBXGroup;
			children = (
				098EDB5118F683F500555BA1 /* IBeaconNotifierExampleTests-Info.plist */,
				098EDB5218F683F500555BA1 /* InfoPlist.strings */,
			);
			name = "Supporting Files";
			sourceTree = "<group>";
		};
/* End PBXGroup section */

/* Begin PBXNativeTarget section */
		098EDB2C18F683F500555BA1 /* IBeaconNotifierExample */ = {
			isa = PBXNativeTarget;
			buildConfigurationList = 098EDB5918F683F500555BA1 /* Build configuration list for PBXNativeTarget "IBeaconNotifierExample" */;
			buildPhases = (
				24D5E49E117542DAB8DFE6BC /* Check Pods Manifest.lock */,
				098EDB2918F683F500555BA1 /* Sources */,
				098EDB2A18F683F500555BA1 /* Frameworks */,
				098EDB2B18F683F500555BA1 /* Resources */,
				D0E68F7FF80248F580D00F9B /* Copy Pods Resources */,
			);
			buildRules = (
			);
			dependencies = (
			);
			name = IBeaconNotifierExample;
			productName = IBeaconNotifierExample;
			productReference = 098EDB2D18F683F500555BA1 /* IBeaconNotifierExample.app */;
			productType = "com.apple.product-type.application";
		};
		098EDB4718F683F500555BA1 /* IBeaconNotifierExampleTests */ = {
			isa = PBXNativeTarget;
			buildConfigurationList = 098EDB5C18F683F500555BA1 /* Build configuration list for PBXNativeTarget "IBeaconNotifierExampleTests" */;
			buildPhases = (
				098EDB4418F683F500555BA1 /* Sources */,
				098EDB4518F683F500555BA1 /* Frameworks */,
				098EDB4618F683F500555BA1 /* Resources */,
			);
			buildRules = (
			);
			dependencies = (
				098EDB4E18F683F500555BA1 /* PBXTargetDependency */,
			);
			name = IBeaconNotifierExampleTests;
			productName = IBeaconNotifierExampleTests;
			productReference = 098EDB4818F683F500555BA1 /* IBeaconNotifierExampleTests.xctest */;
			productType = "com.apple.product-type.bundle.unit-test";
		};
/* End PBXNativeTarget section */

/* Begin PBXProject section */
		098EDB2518F683F500555BA1 /* Project object */ = {
			isa = PBXProject;
			attributes = {
				CLASSPREFIX = GRT;
				LastUpgradeCheck = 0510;
				ORGANIZATIONNAME = "森下 健";
				TargetAttributes = {
					098EDB4718F683F500555BA1 = {
						TestTargetID = 098EDB2C18F683F500555BA1;
					};
				};
			};
			buildConfigurationList = 098EDB2818F683F500555BA1 /* Build configuration list for PBXProject "IBeaconNotifierExample" */;
			compatibilityVersion = "Xcode 3.2";
			developmentRegion = English;
			hasScannedForEncodings = 0;
			knownRegions = (
				en,
			);
			mainGroup = 098EDB2418F683F500555BA1;
			productRefGroup = 098EDB2E18F683F500555BA1 /* Products */;
			projectDirPath = "";
			projectRoot = "";
			targets = (
				098EDB2C18F683F500555BA1 /* IBeaconNotifierExample */,
				098EDB4718F683F500555BA1 /* IBeaconNotifierExampleTests */,
			);
		};
/* End PBXProject section */

/* Begin PBXResourcesBuildPhase section */
		098EDB2B18F683F500555BA1 /* Resources */ = {
			isa = PBXResourcesBuildPhase;
			buildActionMask = 2147483647;
			files = (
				098EDB3B18F683F500555BA1 /* InfoPlist.strings in Resources */,
				098EDB4318F683F500555BA1 /* Images.xcassets in Resources */,
			);
			runOnlyForDeploymentPostprocessing = 0;
		};
		098EDB4618F683F500555BA1 /* Resources */ = {
			isa = PBXResourcesBuildPhase;
			buildActionMask = 2147483647;
			files = (
				098EDB5418F683F500555BA1 /* InfoPlist.strings in Resources */,
			);
			runOnlyForDeploymentPostprocessing = 0;
		};
/* End PBXResourcesBuildPhase section */

/* Begin PBXShellScriptBuildPhase section */
		24D5E49E117542DAB8DFE6BC /* Check Pods Manifest.lock */ = {
			isa = PBXShellScriptBuildPhase;
			buildActionMask = 2147483647;
			files = (
			);
			inputPaths = (
			);
			name = "Check Pods Manifest.lock";
			outputPaths = (
			);
			runOnlyForDeploymentPostprocessing = 0;
			shellPath = /bin/sh;
			shellScript = "diff \"${PODS_ROOT}/../Podfile.lock\" \"${PODS_ROOT}/Manifest.lock\" > /dev/null\nif [[ $? != 0 ]] ; then\n    cat << EOM\nerror: The sandbox is not in sync with the Podfile.lock. Run 'pod install' or update your CocoaPods installation.\nEOM\n    exit 1\nfi\n";
			showEnvVarsInLog = 0;
		};
		D0E68F7FF80248F580D00F9B /* Copy Pods Resources */ = {
			isa = PBXShellScriptBuildPhase;
			buildActionMask = 2147483647;
			files = (
			);
			inputPaths = (
			);
			name = "Copy Pods Resources";
			outputPaths = (
			);
			runOnlyForDeploymentPostprocessing = 0;
			shellPath = /bin/sh;
			shellScript = "\"${SRCROOT}/Pods/Pods-resources.sh\"\n";
			showEnvVarsInLog = 0;
		};
/* End PBXShellScriptBuildPhase section */

/* Begin PBXSourcesBuildPhase section */
		098EDB2918F683F500555BA1 /* Sources */ = {
			isa = PBXSourcesBuildPhase;
			buildActionMask = 2147483647;
			files = (
				098EDB4118F683F500555BA1 /* GRTAppDelegate.m in Sources */,
				098EDB3D18F683F500555BA1 /* main.m in Sources */,
			);
			runOnlyForDeploymentPostprocessing = 0;
		};
		098EDB4418F683F500555BA1 /* Sources */ = {
			isa = PBXSourcesBuildPhase;
			buildActionMask = 2147483647;
			files = (
				098EDB5618F683F500555BA1 /* IBeaconNotifierExampleTests.m in Sources */,
			);
			runOnlyForDeploymentPostprocessing = 0;
		};
/* End PBXSourcesBuildPhase section */

/* Begin PBXTargetDependency section */
		098EDB4E18F683F500555BA1 /* PBXTargetDependency */ = {
			isa = PBXTargetDependency;
			target = 098EDB2C18F683F500555BA1 /* IBeaconNotifierExample */;
			targetProxy = 098EDB4D18F683F500555BA1 /* PBXContainerItemProxy */;
		};
/* End PBXTargetDependency section */

/* Begin PBXVariantGroup section */
		098EDB3918F683F500555BA1 /* InfoPlist.strings */ = {
			isa = PBXVariantGroup;
			children = (
				098EDB3A18F683F500555BA1 /* en */,
			);
			name = InfoPlist.strings;
			sourceTree = "<group>";
		};
		098EDB5218F683F500555BA1 /* InfoPlist.strings */ = {
			isa = PBXVariantGroup;
			children = (
				098EDB5318F683F500555BA1 /* en */,
			);
			name = InfoPlist.strings;
			sourceTree = "<group>";
		};
/* End PBXVariantGroup section */

/* Begin XCBuildConfiguration section */
		098EDB5718F683F500555BA1 /* Debug */ = {
			isa = XCBuildConfiguration;
			buildSettings = {
				ALWAYS_SEARCH_USER_PATHS = NO;
				CLANG_CXX_LANGUAGE_STANDARD = "gnu++0x";
				CLANG_CXX_LIBRARY = "libc++";
				CLANG_ENABLE_MODULES = YES;
				CLANG_ENABLE_OBJC_ARC = YES;
				CLANG_WARN_BOOL_CONVERSION = YES;
				CLANG_WARN_CONSTANT_CONVERSION = YES;
				CLANG_WARN_DIRECT_OBJC_ISA_USAGE = YES_ERROR;
				CLANG_WARN_EMPTY_BODY = YES;
				CLANG_WARN_ENUM_CONVERSION = YES;
				CLANG_WARN_INT_CONVERSION = YES;
				CLANG_WARN_OBJC_ROOT_CLASS = YES_ERROR;
				CLANG_WARN__DUPLICATE_METHOD_MATCH = YES;
				"CODE_SIGN_IDENTITY[sdk=iphoneos*]" = "iPhone Developer";
				COPY_PHASE_STRIP = NO;
				GCC_C_LANGUAGE_STANDARD = gnu99;
				GCC_DYNAMIC_NO_PIC = NO;
				GCC_OPTIMIZATION_LEVEL = 0;
				GCC_PREPROCESSOR_DEFINITIONS = (
					"DEBUG=1",
					"$(inherited)",
				);
				GCC_SYMBOLS_PRIVATE_EXTERN = NO;
				GCC_WARN_64_TO_32_BIT_CONVERSION = YES;
				GCC_WARN_ABOUT_RETURN_TYPE = YES_ERROR;
				GCC_WARN_UNDECLARED_SELECTOR = YES;
				GCC_WARN_UNINITIALIZED_AUTOS = YES_AGGRESSIVE;
				GCC_WARN_UNUSED_FUNCTION = YES;
				GCC_WARN_UNUSED_VARIABLE = YES;
				IPHONEOS_DEPLOYMENT_TARGET = 7.1;
				ONLY_ACTIVE_ARCH = YES;
				SDKROOT = iphoneos;
			};
			name = Debug;
		};
		098EDB5818F683F500555BA1 /* Release */ = {
			isa = XCBuildConfiguration;
			buildSettings = {
				ALWAYS_SEARCH_USER_PATHS = NO;
				CLANG_CXX_LANGUAGE_STANDARD = "gnu++0x";
				CLANG_CXX_LIBRARY = "libc++";
				CLANG_ENABLE_MODULES = YES;
				CLANG_ENABLE_OBJC_ARC = YES;
				CLANG_WARN_BOOL_CONVERSION = YES;
				CLANG_WARN_CONSTANT_CONVERSION = YES;
				CLANG_WARN_DIRECT_OBJC_ISA_USAGE = YES_ERROR;
				CLANG_WARN_EMPTY_BODY = YES;
				CLANG_WARN_ENUM_CONVERSION = YES;
				CLANG_WARN_INT_CONVERSION = YES;
				CLANG_WARN_OBJC_ROOT_CLASS = YES_ERROR;
				CLANG_WARN__DUPLICATE_METHOD_MATCH = YES;
				"CODE_SIGN_IDENTITY[sdk=iphoneos*]" = "iPhone Developer";
				COPY_PHASE_STRIP = YES;
				ENABLE_NS_ASSERTIONS = NO;
				GCC_C_LANGUAGE_STANDARD = gnu99;
				GCC_WARN_64_TO_32_BIT_CONVERSION = YES;
				GCC_WARN_ABOUT_RETURN_TYPE = YES_ERROR;
				GCC_WARN_UNDECLARED_SELECTOR = YES;
				GCC_WARN_UNINITIALIZED_AUTOS = YES_AGGRESSIVE;
				GCC_WARN_UNUSED_FUNCTION = YES;
				GCC_WARN_UNUSED_VARIABLE = YES;
				IPHONEOS_DEPLOYMENT_TARGET = 7.1;
				SDKROOT = iphoneos;
				VALIDATE_PRODUCT = YES;
			};
			name = Release;
		};
		098EDB5A18F683F500555BA1 /* Debug */ = {
			isa = XCBuildConfiguration;
			baseConfigurationReference = 3D2A74444BB641D2A81113B0 /* Pods.xcconfig */;
			buildSettings = {
				ASSETCATALOG_COMPILER_APPICON_NAME = AppIcon;
				ASSETCATALOG_COMPILER_LAUNCHIMAGE_NAME = LaunchImage;
				GCC_PRECOMPILE_PREFIX_HEADER = YES;
				GCC_PREFIX_HEADER = "IBeaconNotifierExample/IBeaconNotifierExample-Prefix.pch";
				INFOPLIST_FILE = "IBeaconNotifierExample/IBeaconNotifierExample-Info.plist";
				PRODUCT_NAME = "$(TARGET_NAME)";
				WRAPPER_EXTENSION = app;
			};
			name = Debug;
		};
		098EDB5B18F683F500555BA1 /* Release */ = {
			isa = XCBuildConfiguration;
			baseConfigurationReference = 3D2A74444BB641D2A81113B0 /* Pods.xcconfig */;
			buildSettings = {
				ASSETCATALOG_COMPILER_APPICON_NAME = AppIcon;
				ASSETCATALOG_COMPILER_LAUNCHIMAGE_NAME = LaunchImage;
				GCC_PRECOMPILE_PREFIX_HEADER = YES;
				GCC_PREFIX_HEADER = "IBeaconNotifierExample/IBeaconNotifierExample-Prefix.pch";
				INFOPLIST_FILE = "IBeaconNotifierExample/IBeaconNotifierExample-Info.plist";
				PRODUCT_NAME = "$(TARGET_NAME)";
				WRAPPER_EXTENSION = app;
			};
			name = Release;
		};
		098EDB5D18F683F500555BA1 /* Debug */ = {
			isa = XCBuildConfiguration;
			buildSettings = {
				BUNDLE_LOADER = "$(BUILT_PRODUCTS_DIR)/IBeaconNotifierExample.app/IBeaconNotifierExample";
				FRAMEWORK_SEARCH_PATHS = (
					"$(SDKROOT)/Developer/Library/Frameworks",
					"$(inherited)",
					"$(DEVELOPER_FRAMEWORKS_DIR)",
				);
				GCC_PRECOMPILE_PREFIX_HEADER = YES;
				GCC_PREFIX_HEADER = "IBeaconNotifierExample/IBeaconNotifierExample-Prefix.pch";
				GCC_PREPROCESSOR_DEFINITIONS = (
					"DEBUG=1",
					"$(inherited)",
				);
				INFOPLIST_FILE = "IBeaconNotifierExampleTests/IBeaconNotifierExampleTests-Info.plist";
				PRODUCT_NAME = "$(TARGET_NAME)";
				TEST_HOST = "$(BUNDLE_LOADER)";
				WRAPPER_EXTENSION = xctest;
			};
			name = Debug;
		};
		098EDB5E18F683F500555BA1 /* Release */ = {
			isa = XCBuildConfiguration;
			buildSettings = {
				BUNDLE_LOADER = "$(BUILT_PRODUCTS_DIR)/IBeaconNotifierExample.app/IBeaconNotifierExample";
				FRAMEWORK_SEARCH_PATHS = (
					"$(SDKROOT)/Developer/Library/Frameworks",
					"$(inherited)",
					"$(DEVELOPER_FRAMEWORKS_DIR)",
				);
				GCC_PRECOMPILE_PREFIX_HEADER = YES;
				GCC_PREFIX_HEADER = "IBeaconNotifierExample/IBeaconNotifierExample-Prefix.pch";
				INFOPLIST_FILE = "IBeaconNotifierExampleTests/IBeaconNotifierExampleTests-Info.plist";
				PRODUCT_NAME = "$(TARGET_NAME)";
				TEST_HOST = "$(BUNDLE_LOADER)";
				WRAPPER_EXTENSION = xctest;
			};
			name = Release;
		};
/* End XCBuildConfiguration section */

/* Begin XCConfigurationList section */
		098EDB2818F683F500555BA1 /* Build configuration list for PBXProject "IBeaconNotifierExample" */ = {
			isa = XCConfigurationList;
			buildConfigurations = (
				098EDB5718F683F500555BA1 /* Debug */,
				098EDB5818F683F500555BA1 /* Release */,
			);
			defaultConfigurationIsVisible = 0;
			defaultConfigurationName = Release;
		};
		098EDB5918F683F500555BA1 /* Build configuration list for PBXNativeTarget "IBeaconNotifierExample" */ = {
			isa = XCConfigurationList;
			buildConfigurations = (
				098EDB5A18F683F500555BA1 /* Debug */,
				098EDB5B18F683F500555BA1 /* Release */,
			);
			defaultConfigurationIsVisible = 0;
			defaultConfigurationName = Release;
		};
		098EDB5C18F683F500555BA1 /* Build configuration list for PBXNativeTarget "IBeaconNotifierExampleTests" */ = {
			isa = XCConfigurationList;
			buildConfigurations = (
				098EDB5D18F683F500555BA1 /* Debug */,
				098EDB5E18F683F500555BA1 /* Release */,
			);
			defaultConfigurationIsVisible = 0;
			defaultConfigurationName = Release;
		};
/* End XCConfigurationList section */
	};
	rootObject = 098EDB2518F683F500555BA1 /* Project object */;
}
